
Microsoft Visual Studio Solution File, Format Version 12.00
# Visual Studio 2012
Project("{FAE04EC0-301F-11D3-BF4B-00C04F79EFBC}") = "BinaryPasswords", "BinaryPasswords\BinaryPasswords.csproj", "{056B96C9-B4B8-42B5-8359-14616902525C}"
EndProject
Project("{FAE04EC0-301F-11D3-BF4B-00C04F79EFBC}") = "Factors", "Factor\Factors.csproj", "{F4C843CF-DB82-467F-ACCF-7319E5AB37B8}"
EndProject
Global
	GlobalSection(SolutionConfigurationPlatforms) = preSolution
		Debug|Any CPU = Debug|Any CPU
		Release|Any CPU = Release|Any CPU
	EndGlobalSection
	GlobalSection(ProjectConfigurationPlatforms) = postSolution
		{056B96C9-B4B8-42B5-8359-14616902525C}.Debug|Any CPU.ActiveCfg = Debug|Any CPU
		{056B96C9-B4B8-42B5-8359-14616902525C}.Debug|Any CPU.Build.0 = Debug|Any CPU
		{056B96C9-B4B8-42B5-8359-14616902525C}.Release|Any CPU.ActiveCfg = Release|Any CPU
		{056B96C9-B4B8-42B5-8359-14616902525C}.Release|Any CPU.Build.0 = Release|Any CPU
		{F4C843CF-DB82-467F-ACCF-7319E5AB37B8}.Debug|Any CPU.ActiveCfg = Debug|Any CPU
		{F4C843CF-DB82-467F-ACCF-7319E5AB37B8}.Debug|Any CPU.Build.0 = Debug|Any CPU
		{F4C843CF-DB82-467F-ACCF-7319E5AB37B8}.Release|Any CPU.ActiveCfg = Release|Any CPU
		{F4C843CF-DB82-467F-ACCF-7319E5AB37B8}.Release|Any CPU.Build.0 = Release|Any CPU
	EndGlobalSection
	GlobalSection(SolutionProperties) = preSolution
		HideSolutionNode = FALSE
	EndGlobalSection
EndGlobal
