
Microsoft Visual Studio Solution File, Format Version 12.00
# Visual Studio Express 2012 for Windows Desktop
Project("{FAE04EC0-301F-11D3-BF4B-00C04F79EFBC}") = "01.NumbersFrom1ToN", "NumbersFrom1ToN\01.NumbersFrom1ToN.csproj", "{3B817292-8F31-421C-8A6B-8DC3F58E7AAF}"
EndProject
Project("{FAE04EC0-301F-11D3-BF4B-00C04F79EFBC}") = "02.NotDevideBy3And7", "NotDevideBy3And7\02.NotDevideBy3And7.csproj", "{EE8FAEAE-6145-4930-8F33-3A3D3ABA9711}"
EndProject
Project("{FAE04EC0-301F-11D3-BF4B-00C04F79EFBC}") = "03.MinMaxNumber", "MinMaxNumber\03.MinMaxNumber.csproj", "{1B2CDEF6-7D89-4C10-8122-12E6B275D8CC}"
EndProject
Project("{FAE04EC0-301F-11D3-BF4B-00C04F79EFBC}") = "04.FactorialNDevidedByK", "FactorialNDevidedByK\04.FactorialNDevidedByK.csproj", "{592ED2FF-6913-4F0B-977E-0EA6E0B53F98}"
EndProject
Project("{FAE04EC0-301F-11D3-BF4B-00C04F79EFBC}") = "06.CalculateSum", "CalculateSum\06.CalculateSum.csproj", "{A53DC566-EFDC-4E61-976B-B9F1C5924C63}"
EndProject
Project("{FAE04EC0-301F-11D3-BF4B-00C04F79EFBC}") = "08.GCD", "GCD\08.GCD.csproj", "{9014CF94-DCAB-47F4-AA0D-D37B0E3845C3}"
EndProject
Project("{FAE04EC0-301F-11D3-BF4B-00C04F79EFBC}") = "07.SumFibonacci", "SumFibonacci\07.SumFibonacci.csproj", "{1F86932C-E3E7-453C-A3B1-15083A4CD8EC}"
EndProject
Project("{FAE04EC0-301F-11D3-BF4B-00C04F79EFBC}") = "05.FactorialExpression", "FactorialExpression\05.FactorialExpression.csproj", "{E4B3DDD3-9063-43A0-9DB8-E6A98A228E16}"
EndProject
Project("{FAE04EC0-301F-11D3-BF4B-00C04F79EFBC}") = "11.Cards", "Cards\11.Cards.csproj", "{745FE474-4494-4D50-864D-9FD67A91E642}"
EndProject
Project("{FAE04EC0-301F-11D3-BF4B-00C04F79EFBC}") = "12.Matrix", "Matrix\12.Matrix.csproj", "{C185D093-4584-4B77-AD57-22544321A0E5}"
EndProject
Project("{FAE04EC0-301F-11D3-BF4B-00C04F79EFBC}") = "13.Zeros", "Zeros\13.Zeros.csproj", "{4D077619-E638-49E4-B1BC-420BFA40304E}"
EndProject
Project("{FAE04EC0-301F-11D3-BF4B-00C04F79EFBC}") = "09.and10.CatalanNumbers", "CatalanNumbers\09.and10.CatalanNumbers.csproj", "{2AF2D0B4-84B7-4308-B5B5-0DF90A0E867C}"
EndProject
Global
	GlobalSection(SolutionConfigurationPlatforms) = preSolution
		Debug|Any CPU = Debug|Any CPU
		Release|Any CPU = Release|Any CPU
	EndGlobalSection
	GlobalSection(ProjectConfigurationPlatforms) = postSolution
		{3B817292-8F31-421C-8A6B-8DC3F58E7AAF}.Debug|Any CPU.ActiveCfg = Debug|Any CPU
		{3B817292-8F31-421C-8A6B-8DC3F58E7AAF}.Debug|Any CPU.Build.0 = Debug|Any CPU
		{3B817292-8F31-421C-8A6B-8DC3F58E7AAF}.Release|Any CPU.ActiveCfg = Release|Any CPU
		{3B817292-8F31-421C-8A6B-8DC3F58E7AAF}.Release|Any CPU.Build.0 = Release|Any CPU
		{EE8FAEAE-6145-4930-8F33-3A3D3ABA9711}.Debug|Any CPU.ActiveCfg = Debug|Any CPU
		{EE8FAEAE-6145-4930-8F33-3A3D3ABA9711}.Debug|Any CPU.Build.0 = Debug|Any CPU
		{EE8FAEAE-6145-4930-8F33-3A3D3ABA9711}.Release|Any CPU.ActiveCfg = Release|Any CPU
		{EE8FAEAE-6145-4930-8F33-3A3D3ABA9711}.Release|Any CPU.Build.0 = Release|Any CPU
		{1B2CDEF6-7D89-4C10-8122-12E6B275D8CC}.Debug|Any CPU.ActiveCfg = Debug|Any CPU
		{1B2CDEF6-7D89-4C10-8122-12E6B275D8CC}.Debug|Any CPU.Build.0 = Debug|Any CPU
		{1B2CDEF6-7D89-4C10-8122-12E6B275D8CC}.Release|Any CPU.ActiveCfg = Release|Any CPU
		{1B2CDEF6-7D89-4C10-8122-12E6B275D8CC}.Release|Any CPU.Build.0 = Release|Any CPU
		{592ED2FF-6913-4F0B-977E-0EA6E0B53F98}.Debug|Any CPU.ActiveCfg = Debug|Any CPU
		{592ED2FF-6913-4F0B-977E-0EA6E0B53F98}.Debug|Any CPU.Build.0 = Debug|Any CPU
		{592ED2FF-6913-4F0B-977E-0EA6E0B53F98}.Release|Any CPU.ActiveCfg = Release|Any CPU
		{592ED2FF-6913-4F0B-977E-0EA6E0B53F98}.Release|Any CPU.Build.0 = Release|Any CPU
		{A53DC566-EFDC-4E61-976B-B9F1C5924C63}.Debug|Any CPU.ActiveCfg = Debug|Any CPU
		{A53DC566-EFDC-4E61-976B-B9F1C5924C63}.Debug|Any CPU.Build.0 = Debug|Any CPU
		{A53DC566-EFDC-4E61-976B-B9F1C5924C63}.Release|Any CPU.ActiveCfg = Release|Any CPU
		{A53DC566-EFDC-4E61-976B-B9F1C5924C63}.Release|Any CPU.Build.0 = Release|Any CPU
		{9014CF94-DCAB-47F4-AA0D-D37B0E3845C3}.Debug|Any CPU.ActiveCfg = Debug|Any CPU
		{9014CF94-DCAB-47F4-AA0D-D37B0E3845C3}.Debug|Any CPU.Build.0 = Debug|Any CPU
		{9014CF94-DCAB-47F4-AA0D-D37B0E3845C3}.Release|Any CPU.ActiveCfg = Release|Any CPU
		{9014CF94-DCAB-47F4-AA0D-D37B0E3845C3}.Release|Any CPU.Build.0 = Release|Any CPU
		{1F86932C-E3E7-453C-A3B1-15083A4CD8EC}.Debug|Any CPU.ActiveCfg = Debug|Any CPU
		{1F86932C-E3E7-453C-A3B1-15083A4CD8EC}.Debug|Any CPU.Build.0 = Debug|Any CPU
		{1F86932C-E3E7-453C-A3B1-15083A4CD8EC}.Release|Any CPU.ActiveCfg = Release|Any CPU
		{1F86932C-E3E7-453C-A3B1-15083A4CD8EC}.Release|Any CPU.Build.0 = Release|Any CPU
		{E4B3DDD3-9063-43A0-9DB8-E6A98A228E16}.Debug|Any CPU.ActiveCfg = Debug|Any CPU
		{E4B3DDD3-9063-43A0-9DB8-E6A98A228E16}.Debug|Any CPU.Build.0 = Debug|Any CPU
		{E4B3DDD3-9063-43A0-9DB8-E6A98A228E16}.Release|Any CPU.ActiveCfg = Release|Any CPU
		{E4B3DDD3-9063-43A0-9DB8-E6A98A228E16}.Release|Any CPU.Build.0 = Release|Any CPU
		{745FE474-4494-4D50-864D-9FD67A91E642}.Debug|Any CPU.ActiveCfg = Debug|Any CPU
		{745FE474-4494-4D50-864D-9FD67A91E642}.Debug|Any CPU.Build.0 = Debug|Any CPU
		{745FE474-4494-4D50-864D-9FD67A91E642}.Release|Any CPU.ActiveCfg = Release|Any CPU
		{745FE474-4494-4D50-864D-9FD67A91E642}.Release|Any CPU.Build.0 = Release|Any CPU
		{C185D093-4584-4B77-AD57-22544321A0E5}.Debug|Any CPU.ActiveCfg = Debug|Any CPU
		{C185D093-4584-4B77-AD57-22544321A0E5}.Debug|Any CPU.Build.0 = Debug|Any CPU
		{C185D093-4584-4B77-AD57-22544321A0E5}.Release|Any CPU.ActiveCfg = Release|Any CPU
		{C185D093-4584-4B77-AD57-22544321A0E5}.Release|Any CPU.Build.0 = Release|Any CPU
		{4D077619-E638-49E4-B1BC-420BFA40304E}.Debug|Any CPU.ActiveCfg = Debug|Any CPU
		{4D077619-E638-49E4-B1BC-420BFA40304E}.Debug|Any CPU.Build.0 = Debug|Any CPU
		{4D077619-E638-49E4-B1BC-420BFA40304E}.Release|Any CPU.ActiveCfg = Release|Any CPU
		{4D077619-E638-49E4-B1BC-420BFA40304E}.Release|Any CPU.Build.0 = Release|Any CPU
		{2AF2D0B4-84B7-4308-B5B5-0DF90A0E867C}.Debug|Any CPU.ActiveCfg = Debug|Any CPU
		{2AF2D0B4-84B7-4308-B5B5-0DF90A0E867C}.Debug|Any CPU.Build.0 = Debug|Any CPU
		{2AF2D0B4-84B7-4308-B5B5-0DF90A0E867C}.Release|Any CPU.ActiveCfg = Release|Any CPU
		{2AF2D0B4-84B7-4308-B5B5-0DF90A0E867C}.Release|Any CPU.Build.0 = Release|Any CPU
	EndGlobalSection
	GlobalSection(SolutionProperties) = preSolution
		HideSolutionNode = FALSE
	EndGlobalSection
EndGlobal
