
Microsoft Visual Studio Solution File, Format Version 12.00
# Visual Studio 15
VisualStudioVersion = 15.0.28307.102
MinimumVisualStudioVersion = 10.0.40219.1
Project("{9A19103F-16F7-4668-BE54-9A1E7A4F7556}") = "PANDA.Web", "PANDA.Web\PANDA.Web.csproj", "{0D7BBB61-B0F6-4286-81AF-6CBB90372A4A}"
EndProject
Project("{9A19103F-16F7-4668-BE54-9A1E7A4F7556}") = "PANDA.Data", "PANDA.Data\PANDA.Data.csproj", "{B214516C-F564-41AC-82CB-C57D0B542792}"
EndProject
Project("{9A19103F-16F7-4668-BE54-9A1E7A4F7556}") = "PANDA.Models", "PANDA.Models\PANDA.Models.csproj", "{DCF3D594-356D-4EFD-A4F8-C0FD898AB6D5}"
EndProject
Project("{FAE04EC0-301F-11D3-BF4B-00C04F79EFBC}") = "PANDA.Services", "PANDA.Services\PANDA.Services.csproj", "{27A93E10-DE8A-45AC-8004-7C1F0A969E48}"
EndProject
Global
	GlobalSection(SolutionConfigurationPlatforms) = preSolution
		Debug|Any CPU = Debug|Any CPU
		Release|Any CPU = Release|Any CPU
	EndGlobalSection
	GlobalSection(ProjectConfigurationPlatforms) = postSolution
		{0D7BBB61-B0F6-4286-81AF-6CBB90372A4A}.Debug|Any CPU.ActiveCfg = Debug|Any CPU
		{0D7BBB61-B0F6-4286-81AF-6CBB90372A4A}.Debug|Any CPU.Build.0 = Debug|Any CPU
		{0D7BBB61-B0F6-4286-81AF-6CBB90372A4A}.Release|Any CPU.ActiveCfg = Release|Any CPU
		{0D7BBB61-B0F6-4286-81AF-6CBB90372A4A}.Release|Any CPU.Build.0 = Release|Any CPU
		{B214516C-F564-41AC-82CB-C57D0B542792}.Debug|Any CPU.ActiveCfg = Debug|Any CPU
		{B214516C-F564-41AC-82CB-C57D0B542792}.Debug|Any CPU.Build.0 = Debug|Any CPU
		{B214516C-F564-41AC-82CB-C57D0B542792}.Release|Any CPU.ActiveCfg = Release|Any CPU
		{B214516C-F564-41AC-82CB-C57D0B542792}.Release|Any CPU.Build.0 = Release|Any CPU
		{DCF3D594-356D-4EFD-A4F8-C0FD898AB6D5}.Debug|Any CPU.ActiveCfg = Debug|Any CPU
		{DCF3D594-356D-4EFD-A4F8-C0FD898AB6D5}.Debug|Any CPU.Build.0 = Debug|Any CPU
		{DCF3D594-356D-4EFD-A4F8-C0FD898AB6D5}.Release|Any CPU.ActiveCfg = Release|Any CPU
		{DCF3D594-356D-4EFD-A4F8-C0FD898AB6D5}.Release|Any CPU.Build.0 = Release|Any CPU
		{27A93E10-DE8A-45AC-8004-7C1F0A969E48}.Debug|Any CPU.ActiveCfg = Debug|Any CPU
		{27A93E10-DE8A-45AC-8004-7C1F0A969E48}.Debug|Any CPU.Build.0 = Debug|Any CPU
		{27A93E10-DE8A-45AC-8004-7C1F0A969E48}.Release|Any CPU.ActiveCfg = Release|Any CPU
		{27A93E10-DE8A-45AC-8004-7C1F0A969E48}.Release|Any CPU.Build.0 = Release|Any CPU
	EndGlobalSection
	GlobalSection(SolutionProperties) = preSolution
		HideSolutionNode = FALSE
	EndGlobalSection
	GlobalSection(ExtensibilityGlobals) = postSolution
		SolutionGuid = {E8CEFBA4-3C64-499D-B1BB-85F34564A123}
	EndGlobalSection
EndGlobal
